
Microsoft Visual Studio Solution File, Format Version 12.00
# Visual Studio Version 17
VisualStudioVersion = 17.10.35013.160
MinimumVisualStudioVersion = 10.0.40219.1
Project("{FAE04EC0-301F-11D3-BF4B-00C04F79EFBC}") = "Onatrix", "Onatrix\Onatrix.csproj", "{45AF20D9-D4F2-45CB-8903-437C1D36C50A}"
EndProject
Global
	GlobalSection(SolutionConfigurationPlatforms) = preSolution
		Debug|Any CPU = Debug|Any CPU
		Release|Any CPU = Release|Any CPU
	EndGlobalSection
	GlobalSection(ProjectConfigurationPlatforms) = postSolution
		{45AF20D9-D4F2-45CB-8903-437C1D36C50A}.Debug|Any CPU.ActiveCfg = Debug|Any CPU
		{45AF20D9-D4F2-45CB-8903-437C1D36C50A}.Debug|Any CPU.Build.0 = Debug|Any CPU
		{45AF20D9-D4F2-45CB-8903-437C1D36C50A}.Release|Any CPU.ActiveCfg = Release|Any CPU
		{45AF20D9-D4F2-45CB-8903-437C1D36C50A}.Release|Any CPU.Build.0 = Release|Any CPU
	EndGlobalSection
	GlobalSection(SolutionProperties) = preSolution
		HideSolutionNode = FALSE
	EndGlobalSection
	GlobalSection(ExtensibilityGlobals) = postSolution
		SolutionGuid = {E57B13E4-2E9C-45FB-9355-0D4CFECED31F}
	EndGlobalSection
EndGlobal
